{
  "requires": true,
  "lockfileVersion": 1,
  "dependencies": {
    "react-native-dialog-input": {
      "version": "1.0.7",
      "resolved": "https://registry.npmjs.org/react-native-dialog-input/-/react-native-dialog-input-1.0.7.tgz",
      "integrity": "sha512-boi++dT2tzV8eCZud5Qe3LY/cdTGfgf93Vy4MFxq3O/4rBehllwCfBn5fhWMuf3JcVlzrk0fBsv/Ny766BiyVA=="
    }
  }
}
